
Microsoft Visual Studio Solution File, Format Version 12.00
# Visual Studio Version 16
VisualStudioVersion = 16.0.29418.71
MinimumVisualStudioVersion = 10.0.40219.1
Project("{2150E333-8FDC-42A3-9474-1A3956D46DE8}") = "03. Tests", "03. Tests", "{A632EFC3-730B-46D7-B669-91962DFA8947}"
EndProject
Project("{2150E333-8FDC-42A3-9474-1A3956D46DE8}") = "01. CMMN", "01. CMMN", "{CD2E7CFE-4E9C-4308-A0D3-41CD5AD90FD8}"
EndProject
Project("{9A19103F-16F7-4668-BE54-9A1E7A4F7556}") = "CaseManagement.CMMN", "src\CaseManagement.CMMN\CaseManagement.CMMN.csproj", "{CE4424E0-4EC0-45D0-9791-91864EDEA89B}"
EndProject
Project("{9A19103F-16F7-4668-BE54-9A1E7A4F7556}") = "CaseManagement.CMMN.Acceptance.Tests", "tests\CaseManagement.CMMN.Acceptance.Tests\CaseManagement.CMMN.Acceptance.Tests.csproj", "{2D288182-CD6B-46AF-B420-F2038875F6BC}"
EndProject
Project("{9A19103F-16F7-4668-BE54-9A1E7A4F7556}") = "CaseManagement.Website", "src\CaseManagement.Website\CaseManagement.Website.csproj", "{1A146C2E-708E-4B50-AE46-37B415CEAFC1}"
EndProject
Project("{9A19103F-16F7-4668-BE54-9A1E7A4F7556}") = "CaseManagement.CMMN.Host", "src\CaseManagement.CMMN.Host\CaseManagement.CMMN.Host.csproj", "{E4C5F767-299D-4D26-916B-59EC7C93CE90}"
EndProject
Project("{9A19103F-16F7-4668-BE54-9A1E7A4F7556}") = "CaseManagement.CMMN.Tests", "tests\CaseManagement.CMMN.Tests\CaseManagement.CMMN.Tests.csproj", "{F005FA4D-312C-428C-93A7-4F02C01136A8}"
EndProject
Project("{2150E333-8FDC-42A3-9474-1A3956D46DE8}") = "02. Startup", "02. Startup", "{4A5D2E88-20E8-4A3F-8527-A4934BC0E11F}"
EndProject
Project("{9A19103F-16F7-4668-BE54-9A1E7A4F7556}") = "CaseManagement.CMMN.AspNetCore", "src\CaseManagement.CMMN.AspNetCore\CaseManagement.CMMN.AspNetCore.csproj", "{A33A6BDF-FD00-4EFE-BA3F-A73BC63CB321}"
EndProject
Project("{9A19103F-16F7-4668-BE54-9A1E7A4F7556}") = "CaseManagement.Identity", "src\CaseManagement.Identity\CaseManagement.Identity.csproj", "{93F12F7C-8657-4725-B6A8-A7AEDCEEC8CE}"
EndProject
Project("{2150E333-8FDC-42A3-9474-1A3956D46DE8}") = "01. Stores", "01. Stores", "{DF940720-2A87-417E-9EC9-6F0C4BCA21F5}"
EndProject
Project("{9A19103F-16F7-4668-BE54-9A1E7A4F7556}") = "CaseManagement.CMMN.Persistence.EF", "src\CaseManagement.CMMN.Persistence.EF\CaseManagement.CMMN.Persistence.EF.csproj", "{1C151004-A135-4024-9B81-21A97F868B84}"
EndProject
Project("{9A19103F-16F7-4668-BE54-9A1E7A4F7556}") = "CaseManagement.CMMN.SqlServer", "src\CaseManagement.CMMN.SqlServer\CaseManagement.CMMN.SqlServer.csproj", "{68EA3E05-72C2-4A20-BCEA-E70AD58E4982}"
EndProject
Project("{9A19103F-16F7-4668-BE54-9A1E7A4F7556}") = "CaseManagement.CMMN.SqlServer.Host", "src\CaseManagement.CMMN.SqlServer.Host\CaseManagement.CMMN.SqlServer.Host.csproj", "{4FEB0C38-4952-4528-A639-F6A89F0ACBB2}"
EndProject
Project("{2150E333-8FDC-42A3-9474-1A3956D46DE8}") = "01. Apis", "01. Apis", "{E33157EC-243C-4EA0-A60B-57F2C248CE53}"
EndProject
Project("{2150E333-8FDC-42A3-9474-1A3956D46DE8}") = "01. CaseManagement", "01. CaseManagement", "{7452122A-3758-4AFD-BBC0-B3C576D12D80}"
EndProject
Project("{2150E333-8FDC-42A3-9474-1A3956D46DE8}") = "02. Security", "02. Security", "{E5E1A1EB-90BC-4CB7-9893-75224AF27170}"
EndProject
Project("{2150E333-8FDC-42A3-9474-1A3956D46DE8}") = "02. Websites", "02. Websites", "{4DF31006-8D29-454B-9D61-DFBAA1590AF3}"
EndProject
Global
	GlobalSection(SolutionConfigurationPlatforms) = preSolution
		Debug|Any CPU = Debug|Any CPU
		Release|Any CPU = Release|Any CPU
	EndGlobalSection
	GlobalSection(ProjectConfigurationPlatforms) = postSolution
		{CE4424E0-4EC0-45D0-9791-91864EDEA89B}.Debug|Any CPU.ActiveCfg = Debug|Any CPU
		{CE4424E0-4EC0-45D0-9791-91864EDEA89B}.Debug|Any CPU.Build.0 = Debug|Any CPU
		{CE4424E0-4EC0-45D0-9791-91864EDEA89B}.Release|Any CPU.ActiveCfg = Release|Any CPU
		{CE4424E0-4EC0-45D0-9791-91864EDEA89B}.Release|Any CPU.Build.0 = Release|Any CPU
		{2D288182-CD6B-46AF-B420-F2038875F6BC}.Debug|Any CPU.ActiveCfg = Debug|Any CPU
		{2D288182-CD6B-46AF-B420-F2038875F6BC}.Debug|Any CPU.Build.0 = Debug|Any CPU
		{2D288182-CD6B-46AF-B420-F2038875F6BC}.Release|Any CPU.ActiveCfg = Release|Any CPU
		{2D288182-CD6B-46AF-B420-F2038875F6BC}.Release|Any CPU.Build.0 = Release|Any CPU
		{1A146C2E-708E-4B50-AE46-37B415CEAFC1}.Debug|Any CPU.ActiveCfg = Debug|Any CPU
		{1A146C2E-708E-4B50-AE46-37B415CEAFC1}.Debug|Any CPU.Build.0 = Debug|Any CPU
		{1A146C2E-708E-4B50-AE46-37B415CEAFC1}.Release|Any CPU.ActiveCfg = Release|Any CPU
		{1A146C2E-708E-4B50-AE46-37B415CEAFC1}.Release|Any CPU.Build.0 = Release|Any CPU
		{E4C5F767-299D-4D26-916B-59EC7C93CE90}.Debug|Any CPU.ActiveCfg = Debug|Any CPU
		{E4C5F767-299D-4D26-916B-59EC7C93CE90}.Debug|Any CPU.Build.0 = Debug|Any CPU
		{E4C5F767-299D-4D26-916B-59EC7C93CE90}.Release|Any CPU.ActiveCfg = Release|Any CPU
		{E4C5F767-299D-4D26-916B-59EC7C93CE90}.Release|Any CPU.Build.0 = Release|Any CPU
		{F005FA4D-312C-428C-93A7-4F02C01136A8}.Debug|Any CPU.ActiveCfg = Debug|Any CPU
		{F005FA4D-312C-428C-93A7-4F02C01136A8}.Debug|Any CPU.Build.0 = Debug|Any CPU
		{F005FA4D-312C-428C-93A7-4F02C01136A8}.Release|Any CPU.ActiveCfg = Release|Any CPU
		{F005FA4D-312C-428C-93A7-4F02C01136A8}.Release|Any CPU.Build.0 = Release|Any CPU
		{A33A6BDF-FD00-4EFE-BA3F-A73BC63CB321}.Debug|Any CPU.ActiveCfg = Debug|Any CPU
		{A33A6BDF-FD00-4EFE-BA3F-A73BC63CB321}.Debug|Any CPU.Build.0 = Debug|Any CPU
		{A33A6BDF-FD00-4EFE-BA3F-A73BC63CB321}.Release|Any CPU.ActiveCfg = Release|Any CPU
		{A33A6BDF-FD00-4EFE-BA3F-A73BC63CB321}.Release|Any CPU.Build.0 = Release|Any CPU
		{93F12F7C-8657-4725-B6A8-A7AEDCEEC8CE}.Debug|Any CPU.ActiveCfg = Debug|Any CPU
		{93F12F7C-8657-4725-B6A8-A7AEDCEEC8CE}.Debug|Any CPU.Build.0 = Debug|Any CPU
		{93F12F7C-8657-4725-B6A8-A7AEDCEEC8CE}.Release|Any CPU.ActiveCfg = Release|Any CPU
		{93F12F7C-8657-4725-B6A8-A7AEDCEEC8CE}.Release|Any CPU.Build.0 = Release|Any CPU
		{1C151004-A135-4024-9B81-21A97F868B84}.Debug|Any CPU.ActiveCfg = Debug|Any CPU
		{1C151004-A135-4024-9B81-21A97F868B84}.Debug|Any CPU.Build.0 = Debug|Any CPU
		{1C151004-A135-4024-9B81-21A97F868B84}.Release|Any CPU.ActiveCfg = Release|Any CPU
		{1C151004-A135-4024-9B81-21A97F868B84}.Release|Any CPU.Build.0 = Release|Any CPU
		{68EA3E05-72C2-4A20-BCEA-E70AD58E4982}.Debug|Any CPU.ActiveCfg = Debug|Any CPU
		{68EA3E05-72C2-4A20-BCEA-E70AD58E4982}.Debug|Any CPU.Build.0 = Debug|Any CPU
		{68EA3E05-72C2-4A20-BCEA-E70AD58E4982}.Release|Any CPU.ActiveCfg = Release|Any CPU
		{68EA3E05-72C2-4A20-BCEA-E70AD58E4982}.Release|Any CPU.Build.0 = Release|Any CPU
		{4FEB0C38-4952-4528-A639-F6A89F0ACBB2}.Debug|Any CPU.ActiveCfg = Debug|Any CPU
		{4FEB0C38-4952-4528-A639-F6A89F0ACBB2}.Debug|Any CPU.Build.0 = Debug|Any CPU
		{4FEB0C38-4952-4528-A639-F6A89F0ACBB2}.Release|Any CPU.ActiveCfg = Release|Any CPU
		{4FEB0C38-4952-4528-A639-F6A89F0ACBB2}.Release|Any CPU.Build.0 = Release|Any CPU
	EndGlobalSection
	GlobalSection(SolutionProperties) = preSolution
		HideSolutionNode = FALSE
	EndGlobalSection
	GlobalSection(NestedProjects) = preSolution
		{CE4424E0-4EC0-45D0-9791-91864EDEA89B} = {CD2E7CFE-4E9C-4308-A0D3-41CD5AD90FD8}
		{2D288182-CD6B-46AF-B420-F2038875F6BC} = {A632EFC3-730B-46D7-B669-91962DFA8947}
		{1A146C2E-708E-4B50-AE46-37B415CEAFC1} = {4DF31006-8D29-454B-9D61-DFBAA1590AF3}
		{E4C5F767-299D-4D26-916B-59EC7C93CE90} = {7452122A-3758-4AFD-BBC0-B3C576D12D80}
		{F005FA4D-312C-428C-93A7-4F02C01136A8} = {A632EFC3-730B-46D7-B669-91962DFA8947}
		{A33A6BDF-FD00-4EFE-BA3F-A73BC63CB321} = {CD2E7CFE-4E9C-4308-A0D3-41CD5AD90FD8}
		{93F12F7C-8657-4725-B6A8-A7AEDCEEC8CE} = {E5E1A1EB-90BC-4CB7-9893-75224AF27170}
		{DF940720-2A87-417E-9EC9-6F0C4BCA21F5} = {CD2E7CFE-4E9C-4308-A0D3-41CD5AD90FD8}
		{1C151004-A135-4024-9B81-21A97F868B84} = {DF940720-2A87-417E-9EC9-6F0C4BCA21F5}
		{68EA3E05-72C2-4A20-BCEA-E70AD58E4982} = {DF940720-2A87-417E-9EC9-6F0C4BCA21F5}
		{4FEB0C38-4952-4528-A639-F6A89F0ACBB2} = {7452122A-3758-4AFD-BBC0-B3C576D12D80}
		{E33157EC-243C-4EA0-A60B-57F2C248CE53} = {4A5D2E88-20E8-4A3F-8527-A4934BC0E11F}
		{7452122A-3758-4AFD-BBC0-B3C576D12D80} = {E33157EC-243C-4EA0-A60B-57F2C248CE53}
		{E5E1A1EB-90BC-4CB7-9893-75224AF27170} = {E33157EC-243C-4EA0-A60B-57F2C248CE53}
		{4DF31006-8D29-454B-9D61-DFBAA1590AF3} = {4A5D2E88-20E8-4A3F-8527-A4934BC0E11F}
	EndGlobalSection
	GlobalSection(ExtensibilityGlobals) = postSolution
		SolutionGuid = {D2CFBF2E-D493-42F7-B339-01A3070C2B5E}
	EndGlobalSection
EndGlobal
