C:\GitProject\CaseManagement\src\CaseManagement.Identity\DefaultConfiguration.cs.pp$vGq83+1GvtlO4+XypkPMoWjLKz2Def/ReE7t26c3+TI=;C:\GitProject\CaseManagement\src\CaseManagement.Identity\Startup.cs.pp$uZWeA7F/QVAE+bjoX2RTXItJsUeddojLnsrlJeg5et0=;C:\GitProject\CaseManagement\src\CaseManagement.Identity\Views\Accounts\Index.cshtml.pp$MvUXIr1o4H0joT+cgFajH73n+qynFzpjCkMdTMmWSoI=;C:\GitProject\CaseManagement\src\CaseManagement.Identity\Views\CheckSession\EndSession.cshtml.pp$7Z3WrlJG5kmaeyK3mwTcF5/Dyq5smW11ErnEXKSdeDE=;C:\GitProject\CaseManagement\src\CaseManagement.Identity\Views\Consents\Index.cshtml.pp$QlNjZVl3KRDhw9LGOQ+5ilqwLOhYOQvy+LEHQQ4P4+o=;C:\GitProject\CaseManagement\src\CaseManagement.Identity\Views\Errors\Index.cshtml.pp$O8DOTOuAVVu4XVGy8D6IXeOXOyPcmLAeG/HRFkEp1zo=;C:\GitProject\CaseManagement\src\CaseManagement.Identity\Views\Home\Index.cshtml.pp$tRj4RCI4g/LUO1+Tuip/fgzukeY+uyfXqSahtbII7jg=;C:\GitProject\CaseManagement\src\CaseManagement.Identity\Views\Shared\_Layout.cshtml.pp$/MZe8053jVtmZzZaVw0IZeceePjTNm/tnaDwh2oL2I0=;C:\GitProject\CaseManagement\src\CaseManagement.Identity\Areas\pwd\Views\Authenticate\Index.cshtml.pp$GaofAFMdM+Ny/lOPmtn1eoE/tQalHZAphusUAylcZkQ=;C:\Projects\CaseManagement\src\CaseManagement.Identity\DefaultConfiguration.cs.pp$KPYf0vxjxMgwkJbTkiZqRPyHw7S6ei5/tmMn+jyxJ7E=;C:\Projects\CaseManagement\src\CaseManagement.Identity\Startup.cs.pp$UBj5DiSNcCwimuAjE4KfKblkxv2iPU8n9lDKLXxK18Q=;C:\Projects\CaseManagement\src\CaseManagement.Identity\Areas\pwd\Views\Authenticate\Index.cshtml.pp$TDUgYWyE/uuTZqbV8wUfKqZJgajSdcAjHukivAPObYQ=;C:\Projects\CaseManagement\src\CaseManagement.Identity\Views\Accounts\Index.cshtml.pp$UXiQy4bDC6hXHu5EZIgemEqShd9Vrs6s1WyCPrH0Zqk=;C:\Projects\CaseManagement\src\CaseManagement.Identity\Views\CheckSession\EndSession.cshtml.pp$4bbughUPZkig1BRV3+rFIvM7Xtn4yJ4pDEdvdv7XN/k=;C:\Projects\CaseManagement\src\CaseManagement.Identity\Views\Consents\Index.cshtml.pp$wWncdDc7Ac0eIaeRFpZzE+G9LGP4gKUtTlU71kVJ63w=;C:\Projects\CaseManagement\src\CaseManagement.Identity\Views\Errors\Index.cshtml.pp$GX+r1N/UxBhSeEnOp40lOE/rq6FDAZN/A0bx2Pk3S8c=;C:\Projects\CaseManagement\src\CaseManagement.Identity\Views\Home\Index.cshtml.pp$hxKzYjtHESzMV17MZmXsukgvKOGoY0EfX/YlbodTKAM=;C:\Projects\CaseManagement\src\CaseManagement.Identity\Views\Shared\_Layout.cshtml.pp$SsWABfW0caHhCjnICDk/IQp8M5Dv6StT4bsXuCVOXx8=